
Microsoft Visual Studio Solution File, Format Version 12.00
# Visual Studio Version 17
VisualStudioVersion = 17.14.36310.24
MinimumVisualStudioVersion = 10.0.40219.1
Project("{FAE04EC0-301F-11D3-BF4B-00C04F79EFBC}") = "Gator.DBDeltaCheck.Core", "Gator.DBDeltaCheck.Core\Gator.DBDeltaCheck.Core.csproj", "{39D527A2-F8A6-48D2-B4F3-5A8322E35CEF}"
EndProject
Project("{FAE04EC0-301F-11D3-BF4B-00C04F79EFBC}") = "Sample.DBIntegrationTests", "Sample.DBIntegrationTests\Sample.DBIntegrationTests.csproj", "{6D21A1E2-B311-434D-BE34-C655DD2F27AB}"
EndProject
Project("{FAE04EC0-301F-11D3-BF4B-00C04F79EFBC}") = "EcommerceDemo.Data", "EcommerceDemo.Data\EcommerceDemo.Data.csproj", "{703D7BA3-12A9-48DE-9885-948D82D70163}"
EndProject
Project("{FAE04EC0-301F-11D3-BF4B-00C04F79EFBC}") = "EcommerceDemo.Api", "EcommerceDemo.Api\EcommerceDemo.Api.csproj", "{D8157ED0-679F-481B-B2E8-251A5F2CCB59}"
EndProject
Project("{FAE04EC0-301F-11D3-BF4B-00C04F79EFBC}") = "EcommerceDemo.Functions", "EcommerceDemo.Functions\EcommerceDemo.Functions.csproj", "{F681D952-F1C5-40FD-9D86-2F6C2CA9BEF4}"
EndProject
Project("{FAE04EC0-301F-11D3-BF4B-00C04F79EFBC}") = "Gator.DBDeltaCheck.Tools", "Gator.DBDeltaCheck.Tools\Gator.DBDeltaCheck.Tools.csproj", "{CEE1C557-19B2-46ED-B466-D2CADBD2A375}"
EndProject
Global
	GlobalSection(SolutionConfigurationPlatforms) = preSolution
		Debug|Any CPU = Debug|Any CPU
		Release|Any CPU = Release|Any CPU
	EndGlobalSection
	GlobalSection(ProjectConfigurationPlatforms) = postSolution
		{39D527A2-F8A6-48D2-B4F3-5A8322E35CEF}.Debug|Any CPU.ActiveCfg = Release|Any CPU
		{39D527A2-F8A6-48D2-B4F3-5A8322E35CEF}.Debug|Any CPU.Build.0 = Release|Any CPU
		{39D527A2-F8A6-48D2-B4F3-5A8322E35CEF}.Release|Any CPU.ActiveCfg = Release|Any CPU
		{39D527A2-F8A6-48D2-B4F3-5A8322E35CEF}.Release|Any CPU.Build.0 = Release|Any CPU
		{6D21A1E2-B311-434D-BE34-C655DD2F27AB}.Debug|Any CPU.ActiveCfg = Debug|Any CPU
		{6D21A1E2-B311-434D-BE34-C655DD2F27AB}.Debug|Any CPU.Build.0 = Debug|Any CPU
		{6D21A1E2-B311-434D-BE34-C655DD2F27AB}.Release|Any CPU.ActiveCfg = Release|Any CPU
		{6D21A1E2-B311-434D-BE34-C655DD2F27AB}.Release|Any CPU.Build.0 = Release|Any CPU
		{703D7BA3-12A9-48DE-9885-948D82D70163}.Debug|Any CPU.ActiveCfg = Debug|Any CPU
		{703D7BA3-12A9-48DE-9885-948D82D70163}.Debug|Any CPU.Build.0 = Debug|Any CPU
		{703D7BA3-12A9-48DE-9885-948D82D70163}.Release|Any CPU.ActiveCfg = Release|Any CPU
		{703D7BA3-12A9-48DE-9885-948D82D70163}.Release|Any CPU.Build.0 = Release|Any CPU
		{D8157ED0-679F-481B-B2E8-251A5F2CCB59}.Debug|Any CPU.ActiveCfg = Debug|Any CPU
		{D8157ED0-679F-481B-B2E8-251A5F2CCB59}.Debug|Any CPU.Build.0 = Debug|Any CPU
		{D8157ED0-679F-481B-B2E8-251A5F2CCB59}.Release|Any CPU.ActiveCfg = Release|Any CPU
		{D8157ED0-679F-481B-B2E8-251A5F2CCB59}.Release|Any CPU.Build.0 = Release|Any CPU
		{F681D952-F1C5-40FD-9D86-2F6C2CA9BEF4}.Debug|Any CPU.ActiveCfg = Debug|Any CPU
		{F681D952-F1C5-40FD-9D86-2F6C2CA9BEF4}.Debug|Any CPU.Build.0 = Debug|Any CPU
		{F681D952-F1C5-40FD-9D86-2F6C2CA9BEF4}.Release|Any CPU.ActiveCfg = Release|Any CPU
		{F681D952-F1C5-40FD-9D86-2F6C2CA9BEF4}.Release|Any CPU.Build.0 = Release|Any CPU
		{CEE1C557-19B2-46ED-B466-D2CADBD2A375}.Debug|Any CPU.ActiveCfg = Debug|Any CPU
		{CEE1C557-19B2-46ED-B466-D2CADBD2A375}.Debug|Any CPU.Build.0 = Debug|Any CPU
		{CEE1C557-19B2-46ED-B466-D2CADBD2A375}.Release|Any CPU.ActiveCfg = Release|Any CPU
		{CEE1C557-19B2-46ED-B466-D2CADBD2A375}.Release|Any CPU.Build.0 = Release|Any CPU
	EndGlobalSection
	GlobalSection(SolutionProperties) = preSolution
		HideSolutionNode = FALSE
	EndGlobalSection
	GlobalSection(ExtensibilityGlobals) = postSolution
		SolutionGuid = {45905F2C-FDCF-4A60-8F78-AF0ECA810627}
	EndGlobalSection
EndGlobal
